
Microsoft Visual Studio Solution File, Format Version 12.00
# Visual Studio Version 16
VisualStudioVersion = 16.0.30002.166
MinimumVisualStudioVersion = 10.0.40219.1
Project("{FAE04EC0-301F-11D3-BF4B-00C04F79EFBC}") = "Conferen_Visit", "Conferen_Visit\Conferen_Visit.csproj", "{6E423BA3-AAA1-48AA-9C2E-76525420127C}"
EndProject
Global
	GlobalSection(SolutionConfigurationPlatforms) = preSolution
		Debug|Any CPU = Debug|Any CPU
		Release|Any CPU = Release|Any CPU
	EndGlobalSection
	GlobalSection(ProjectConfigurationPlatforms) = postSolution
		{6E423BA3-AAA1-48AA-9C2E-76525420127C}.Debug|Any CPU.ActiveCfg = Debug|Any CPU
		{6E423BA3-AAA1-48AA-9C2E-76525420127C}.Debug|Any CPU.Build.0 = Debug|Any CPU
		{6E423BA3-AAA1-48AA-9C2E-76525420127C}.Release|Any CPU.ActiveCfg = Release|Any CPU
		{6E423BA3-AAA1-48AA-9C2E-76525420127C}.Release|Any CPU.Build.0 = Release|Any CPU
	EndGlobalSection
	GlobalSection(SolutionProperties) = preSolution
		HideSolutionNode = FALSE
	EndGlobalSection
	GlobalSection(ExtensibilityGlobals) = postSolution
		SolutionGuid = {71E9A209-9FA6-455D-B12A-7DDA5BAB0BBC}
	EndGlobalSection
EndGlobal
